{
  "name": "@as-covers/transform",
  "version": "0.3.1",
  "lockfileVersion": 2,
  "requires": true,
  "packages": {
    "": {
      "name": "@as-covers/transform",
      "version": "0.3.1",
      "license": "MIT",
      "dependencies": {
        "line-column": "^1.0.2",
        "visitor-as": "0.10.2"
      },
      "devDependencies": {
        "@types/line-column": "^1.0.0",
        "typescript": "^4.8.2"
      },
      "peerDependencies": {
        "assemblyscript": "^0.21.2"
      }
    },
    "node_modules/@types/line-column": {
      "version": "1.0.0",
      "resolved": "https://registry.npmjs.org/@types/line-column/-/line-column-1.0.0.tgz",
      "integrity": "sha512-wbw+IDRw/xY/RGy+BL6f4Eey4jsUgHQrMuA4Qj0CSG3x/7C2Oc57pmRoM2z3M4DkylWRz+G1pfX06sCXQm0J+w==",
      "dev": true
    },
    "node_modules/assemblyscript": {
      "version": "0.21.2",
      "resolved": "https://registry.npmjs.org/assemblyscript/-/assemblyscript-0.21.2.tgz",
      "integrity": "sha512-p8XhdkxQxggJbA8O95iu0yUjOqIX1iy9T6D+BABzT0PUHOZbKrNgES/0aC+DgnmTN0V6EQ6XajRM2uiJ9Nt2Xw==",
      "peer": true,
      "dependencies": {
        "binaryen": "109.0.0-nightly.20220826",
        "long": "^5.2.0"
      },
      "bin": {
        "asc": "bin/asc.js",
        "asinit": "bin/asinit.js"
      },
      "engines": {
        "node": ">=16.0.0",
        "npm": ">=7.0.0"
      },
      "funding": {
        "type": "opencollective",
        "url": "https://opencollective.com/assemblyscript"
      }
    },
    "node_modules/binaryen": {
      "version": "109.0.0-nightly.20220826",
      "resolved": "https://registry.npmjs.org/binaryen/-/binaryen-109.0.0-nightly.20220826.tgz",
      "integrity": "sha512-c4I7HTm0yn+CO54Imt2sRHct2bEwlTDRGtIAJCwFyLssfUvb4FH3DaaRHNrcB8T1llvw1oWfYzBhO6tgIo2Grg==",
      "peer": true,
      "bin": {
        "wasm-opt": "bin/wasm-opt",
        "wasm2js": "bin/wasm2js"
      }
    },
    "node_modules/isarray": {
      "version": "1.0.0",
      "resolved": "https://registry.npmjs.org/isarray/-/isarray-1.0.0.tgz",
      "integrity": "sha512-VLghIWNM6ELQzo7zwmcg0NmTVyWKYjvIeM83yjp0wRDTmUnrM678fQbcKBo6n2CJEF0szoG//ytg+TKla89ALQ=="
    },
    "node_modules/isobject": {
      "version": "2.1.0",
      "resolved": "https://registry.npmjs.org/isobject/-/isobject-2.1.0.tgz",
      "integrity": "sha512-+OUdGJlgjOBZDfxnDjYYG6zp487z0JGNQq3cYQYg5f5hKR+syHMsaztzGeml/4kGG55CSpKSpWTY+jYGgsHLgA==",
      "dependencies": {
        "isarray": "1.0.0"
      },
      "engines": {
        "node": ">=0.10.0"
      }
    },
    "node_modules/line-column": {
      "version": "1.0.2",
      "resolved": "https://registry.npmjs.org/line-column/-/line-column-1.0.2.tgz",
      "integrity": "sha512-Ktrjk5noGYlHsVnYWh62FLVs4hTb8A3e+vucNZMgPeAOITdshMSgv4cCZQeRDjm7+goqmo6+liZwTXo+U3sVww==",
      "dependencies": {
        "isarray": "^1.0.0",
        "isobject": "^2.0.0"
      }
    },
    "node_modules/lodash.clonedeep": {
      "version": "4.5.0",
      "resolved": "https://registry.npmjs.org/lodash.clonedeep/-/lodash.clonedeep-4.5.0.tgz",
      "integrity": "sha512-H5ZhCF25riFd9uB5UCkVKo61m3S/xZk1x4wA6yp/L3RFP6Z/eHH1ymQcGLo7J3GMPfm0V/7m1tryHuGVxpqEBQ=="
    },
    "node_modules/long": {
      "version": "5.2.0",
      "resolved": "https://registry.npmjs.org/long/-/long-5.2.0.tgz",
      "integrity": "sha512-9RTUNjK60eJbx3uz+TEGF7fUr29ZDxR5QzXcyDpeSfeH28S9ycINflOgOlppit5U+4kNTe83KQnMEerw7GmE8w==",
      "peer": true
    },
    "node_modules/ts-mixer": {
      "version": "6.0.1",
      "resolved": "https://registry.npmjs.org/ts-mixer/-/ts-mixer-6.0.1.tgz",
      "integrity": "sha512-hvE+ZYXuINrx6Ei6D6hz+PTim0Uf++dYbK9FFifLNwQj+RwKquhQpn868yZsCtJYiclZF1u8l6WZxxKi+vv7Rg=="
    },
    "node_modules/typescript": {
      "version": "4.8.2",
      "resolved": "https://registry.npmjs.org/typescript/-/typescript-4.8.2.tgz",
      "integrity": "sha512-C0I1UsrrDHo2fYI5oaCGbSejwX4ch+9Y5jTQELvovfmFkK3HHSZJB8MSJcWLmCUBzQBchCrZ9rMRV6GuNrvGtw==",
      "dev": true,
      "bin": {
        "tsc": "bin/tsc",
        "tsserver": "bin/tsserver"
      },
      "engines": {
        "node": ">=4.2.0"
      }
    },
    "node_modules/visitor-as": {
      "version": "0.10.2",
      "resolved": "https://registry.npmjs.org/visitor-as/-/visitor-as-0.10.2.tgz",
      "integrity": "sha512-cwlkeuk75Zxy770rZwdG32KjCC1RktVY5muyFDLXCPSvxNICF/mI9BuPDFCjlgu0Ps0Uq6Z/3YJHOeRw4j1t2A==",
      "dependencies": {
        "lodash.clonedeep": "^4.5.0",
        "ts-mixer": "^6.0.1"
      },
      "peerDependencies": {
        "assemblyscript": "^0.21.2"
      }
    }
  },
  "dependencies": {
    "@types/line-column": {
      "version": "1.0.0",
      "resolved": "https://registry.npmjs.org/@types/line-column/-/line-column-1.0.0.tgz",
      "integrity": "sha512-wbw+IDRw/xY/RGy+BL6f4Eey4jsUgHQrMuA4Qj0CSG3x/7C2Oc57pmRoM2z3M4DkylWRz+G1pfX06sCXQm0J+w==",
      "dev": true
    },
    "assemblyscript": {
      "version": "0.21.2",
      "resolved": "https://registry.npmjs.org/assemblyscript/-/assemblyscript-0.21.2.tgz",
      "integrity": "sha512-p8XhdkxQxggJbA8O95iu0yUjOqIX1iy9T6D+BABzT0PUHOZbKrNgES/0aC+DgnmTN0V6EQ6XajRM2uiJ9Nt2Xw==",
      "peer": true,
      "requires": {
        "binaryen": "109.0.0-nightly.20220826",
        "long": "^5.2.0"
      }
    },
    "binaryen": {
      "version": "109.0.0-nightly.20220826",
      "resolved": "https://registry.npmjs.org/binaryen/-/binaryen-109.0.0-nightly.20220826.tgz",
      "integrity": "sha512-c4I7HTm0yn+CO54Imt2sRHct2bEwlTDRGtIAJCwFyLssfUvb4FH3DaaRHNrcB8T1llvw1oWfYzBhO6tgIo2Grg==",
      "peer": true
    },
    "isarray": {
      "version": "1.0.0",
      "resolved": "https://registry.npmjs.org/isarray/-/isarray-1.0.0.tgz",
      "integrity": "sha512-VLghIWNM6ELQzo7zwmcg0NmTVyWKYjvIeM83yjp0wRDTmUnrM678fQbcKBo6n2CJEF0szoG//ytg+TKla89ALQ=="
    },
    "isobject": {
      "version": "2.1.0",
      "resolved": "https://registry.npmjs.org/isobject/-/isobject-2.1.0.tgz",
      "integrity": "sha512-+OUdGJlgjOBZDfxnDjYYG6zp487z0JGNQq3cYQYg5f5hKR+syHMsaztzGeml/4kGG55CSpKSpWTY+jYGgsHLgA==",
      "requires": {
        "isarray": "1.0.0"
      }
    },
    "line-column": {
      "version": "1.0.2",
      "resolved": "https://registry.npmjs.org/line-column/-/line-column-1.0.2.tgz",
      "integrity": "sha512-Ktrjk5noGYlHsVnYWh62FLVs4hTb8A3e+vucNZMgPeAOITdshMSgv4cCZQeRDjm7+goqmo6+liZwTXo+U3sVww==",
      "requires": {
        "isarray": "^1.0.0",
        "isobject": "^2.0.0"
      }
    },
    "lodash.clonedeep": {
      "version": "4.5.0",
      "resolved": "https://registry.npmjs.org/lodash.clonedeep/-/lodash.clonedeep-4.5.0.tgz",
      "integrity": "sha512-H5ZhCF25riFd9uB5UCkVKo61m3S/xZk1x4wA6yp/L3RFP6Z/eHH1ymQcGLo7J3GMPfm0V/7m1tryHuGVxpqEBQ=="
    },
    "long": {
      "version": "5.2.0",
      "resolved": "https://registry.npmjs.org/long/-/long-5.2.0.tgz",
      "integrity": "sha512-9RTUNjK60eJbx3uz+TEGF7fUr29ZDxR5QzXcyDpeSfeH28S9ycINflOgOlppit5U+4kNTe83KQnMEerw7GmE8w==",
      "peer": true
    },
    "ts-mixer": {
      "version": "6.0.1",
      "resolved": "https://registry.npmjs.org/ts-mixer/-/ts-mixer-6.0.1.tgz",
      "integrity": "sha512-hvE+ZYXuINrx6Ei6D6hz+PTim0Uf++dYbK9FFifLNwQj+RwKquhQpn868yZsCtJYiclZF1u8l6WZxxKi+vv7Rg=="
    },
    "typescript": {
      "version": "4.8.2",
      "resolved": "https://registry.npmjs.org/typescript/-/typescript-4.8.2.tgz",
      "integrity": "sha512-C0I1UsrrDHo2fYI5oaCGbSejwX4ch+9Y5jTQELvovfmFkK3HHSZJB8MSJcWLmCUBzQBchCrZ9rMRV6GuNrvGtw==",
      "dev": true
    },
    "visitor-as": {
      "version": "0.10.2",
      "resolved": "https://registry.npmjs.org/visitor-as/-/visitor-as-0.10.2.tgz",
      "integrity": "sha512-cwlkeuk75Zxy770rZwdG32KjCC1RktVY5muyFDLXCPSvxNICF/mI9BuPDFCjlgu0Ps0Uq6Z/3YJHOeRw4j1t2A==",
      "requires": {
        "lodash.clonedeep": "^4.5.0",
        "ts-mixer": "^6.0.1"
      }
    }
  }
}
