# THIS IS AN AUTOGENERATED FILE. DO NOT EDIT THIS FILE DIRECTLY.
# yarn lockfile v1


"@types/line-column@^1.0.0":
  version "1.0.0"
  resolved "https://registry.yarnpkg.com/@types/line-column/-/line-column-1.0.0.tgz#fa5a59c21e885fef3739a273b43dacf55b63437f"
  integrity sha512-wbw+IDRw/xY/RGy+BL6f4Eey4jsUgHQrMuA4Qj0CSG3x/7C2Oc57pmRoM2z3M4DkylWRz+G1pfX06sCXQm0J+w==

isarray@1.0.0, isarray@^1.0.0:
  version "1.0.0"
  resolved "https://registry.yarnpkg.com/isarray/-/isarray-1.0.0.tgz#bb935d48582cba168c06834957a54a3e07124f11"
  integrity sha1-u5NdSFgsuhaMBoNJV6VKPgcSTxE=

isobject@^2.0.0:
  version "2.1.0"
  resolved "https://registry.yarnpkg.com/isobject/-/isobject-2.1.0.tgz#f065561096a3f1da2ef46272f815c840d87e0c89"
  integrity sha1-8GVWEJaj8dou9GJy+BXIQNh+DIk=
  dependencies:
    isarray "1.0.0"

line-column@^1.0.2:
  version "1.0.2"
  resolved "https://registry.yarnpkg.com/line-column/-/line-column-1.0.2.tgz#d25af2936b6f4849172b312e4792d1d987bc34a2"
  integrity sha1-0lryk2tvSEkXKzEuR5LR2Ye8NKI=
  dependencies:
    isarray "^1.0.0"
    isobject "^2.0.0"

lodash.clonedeep@^4.5.0:
  version "4.5.0"
  resolved "https://registry.yarnpkg.com/lodash.clonedeep/-/lodash.clonedeep-4.5.0.tgz#e23f3f9c4f8fbdde872529c1071857a086e5ccef"
  integrity sha1-4j8/nE+Pvd6HJSnBBxhXoIblzO8=

ts-mixer@^5.4.1:
  version "5.4.1"
  resolved "https://registry.yarnpkg.com/ts-mixer/-/ts-mixer-5.4.1.tgz#b90db9ced48531aa17ce9184a2890d1e3c99b1e5"
  integrity sha512-Zo9HgPCtNouDgJ+LGtrzVOjSg8+7WGQktIKLwAfaNrlOK1mWGlz1ejsAF/YqUEqAGjUTeB5fEg8gH9Aui6w9xA==

typescript@^4.2.4:
  version "4.3.2"
  resolved "https://registry.yarnpkg.com/typescript/-/typescript-4.3.2.tgz#399ab18aac45802d6f2498de5054fcbbe716a805"
  integrity sha512-zZ4hShnmnoVnAHpVHWpTcxdv7dWP60S2FsydQLV8V5PbS3FifjWFFRiHSWpDJahly88PRyV5teTSLoq4eG7mKw==

visitor-as@^0.6.0:
  version "0.6.0"
  resolved "https://registry.yarnpkg.com/visitor-as/-/visitor-as-0.6.0.tgz#b0cca3c918bd9d396545faf08529d2b9ba968a40"
  integrity sha512-4WcnwCLXWjhNkwJj9gSqh46sdIv9CyIvnSuwr61OOfrGCtN2mKcW5KE828OeEr1rYjEy0Z/CIdPBJKJRLsUgDA==
  dependencies:
    lodash.clonedeep "^4.5.0"
    ts-mixer "^5.4.1"
