{
  "name": "@as-covers/glue",
  "version": "0.0.0",
  "lockfileVersion": 1,
  "requires": true,
  "dependencies": {
    "@assemblyscript/loader": {
      "version": "0.18.31",
      "resolved": "https://registry.npmjs.org/@assemblyscript/loader/-/loader-0.18.31.tgz",
      "integrity": "sha512-BrPyjojTj7ReaDUiDzfbm0Ei/2OoF2ZimcvxTGSQ7IrVKld/c/7w1DcFJjaLj1eBaartP2TBEzaf7iky+UiDYA=="
    }
  }
}
