# THIS IS AN AUTOGENERATED FILE. DO NOT EDIT THIS FILE DIRECTLY.
# yarn lockfile v1


"@assemblyscript/loader@^0.18.31":
  version "0.18.32"
  resolved "https://registry.yarnpkg.com/@assemblyscript/loader/-/loader-0.18.32.tgz#2216fc7df235df247c95004457efd9c0a7da33ed"
  integrity sha512-fq+nWvQuwASkTgchjMsnLyharobzPJIKx4KGoSlkS1ffrsnjabok2oOH7jAIFW4RMz3JXjHxMONbAmcxzyrcUw==
